// !$*UTF8*$!
{
	archiveVersion = 1;
	classes = {
	};
	objectVersion = 46;
	objects = {

/* Begin PBXBuildFile section */
		9BE4F86B1BE9DBB700416CE3 /* AppDelegate.swift in Sources */ = {isa = PBXBuildFile; fileRef = 9BE4F86A1BE9DBB700416CE3 /* AppDelegate.swift */; };
		9BE4F86D1BE9DBB700416CE3 /* ViewController.swift in Sources */ = {isa = PBXBuildFile; fileRef = 9BE4F86C1BE9DBB700416CE3 /* ViewController.swift */; };
		9BE4F8701BE9DBB700416CE3 /* Main.storyboard in Resources */ = {isa = PBXBuildFile; fileRef = 9BE4F86E1BE9DBB700416CE3 /* Main.storyboard */; };
		9BE4F8721BE9DBB700416CE3 /* Assets.xcassets in Resources */ = {isa = PBXBuildFile; fileRef = 9BE4F8711BE9DBB700416CE3 /* Assets.xcassets */; };
		9BE4F8751BE9DBB700416CE3 /* LaunchScreen.storyboard in Resources */ = {isa = PBXBuildFile; fileRef = 9BE4F8731BE9DBB700416CE3 /* LaunchScreen.storyboard */; };
		9BE4F8801BE9DBB800416CE3 /* Play_Mp3Tests.swift in Sources */ = {isa = PBXBuildFile; fileRef = 9BE4F87F1BE9DBB800416CE3 /* Play_Mp3Tests.swift */; };
		9BE4F88B1BE9DBB800416CE3 /* Play_Mp3UITests.swift in Sources */ = {isa = PBXBuildFile; fileRef = 9BE4F88A1BE9DBB800416CE3 /* Play_Mp3UITests.swift */; };
/* End PBXBuildFile section */

/* Begin PBXContainerItemProxy section */
		9BE4F87C1BE9DBB800416CE3 /* PBXContainerItemProxy */ = {
			isa = PBXContainerItemProxy;
			containerPortal = 9BE4F85F1BE9DBB700416CE3 /* Project object */;
			proxyType = 1;
			remoteGlobalIDString = 9BE4F8661BE9DBB700416CE3;
			remoteInfo = "Play Mp3";
		};
		9BE4F8871BE9DBB800416CE3 /* PBXContainerItemProxy */ = {
			isa = PBXContainerItemProxy;
			containerPortal = 9BE4F85F1BE9DBB700416CE3 /* Project object */;
			proxyType = 1;
			remoteGlobalIDString = 9BE4F8661BE9DBB700416CE3;
			remoteInfo = "Play Mp3";
		};
/* End PBXContainerItemProxy section */

/* Begin PBXFileReference section */
		9BE4F8671BE9DBB700416CE3 /* Play Mp3.app */ = {isa = PBXFileReference; explicitFileType = wrapper.application; includeInIndex = 0; path = "Play Mp3.app"; sourceTree = BUILT_PRODUCTS_DIR; };
		9BE4F86A1BE9DBB700416CE3 /* AppDelegate.swift */ = {isa = PBXFileReference; lastKnownFileType = sourcecode.swift; path = AppDelegate.swift; sourceTree = "<group>"; };
		9BE4F86C1BE9DBB700416CE3 /* ViewController.swift */ = {isa = PBXFileReference; lastKnownFileType = sourcecode.swift; path = ViewController.swift; sourceTree = "<group>"; };
		9BE4F86F1BE9DBB700416CE3 /* Base */ = {isa = PBXFileReference; lastKnownFileType = file.storyboard; name = Base; path = Base.lproj/Main.storyboard; sourceTree = "<group>"; };
		9BE4F8711BE9DBB700416CE3 /* Assets.xcassets */ = {isa = PBXFileReference; lastKnownFileType = folder.assetcatalog; path = Assets.xcassets; sourceTree = "<group>"; };
		9BE4F8741BE9DBB700416CE3 /* Base */ = {isa = PBXFileReference; lastKnownFileType = file.storyboard; name = Base; path = Base.lproj/LaunchScreen.storyboard; sourceTree = "<group>"; };
		9BE4F8761BE9DBB700416CE3 /* Info.plist */ = {isa = PBXFileReference; lastKnownFileType = text.plist.xml; path = Info.plist; sourceTree = "<group>"; };
		9BE4F87B1BE9DBB800416CE3 /* Play Mp3Tests.xctest */ = {isa = PBXFileReference; explicitFileType = wrapper.cfbundle; includeInIndex = 0; path = "Play Mp3Tests.xctest"; sourceTree = BUILT_PRODUCTS_DIR; };
		9BE4F87F1BE9DBB800416CE3 /* Play_Mp3Tests.swift */ = {isa = PBXFileReference; lastKnownFileType = sourcecode.swift; path = Play_Mp3Tests.swift; sourceTree = "<group>"; };
		9BE4F8811BE9DBB800416CE3 /* Info.plist */ = {isa = PBXFileReference; lastKnownFileType = text.plist.xml; path = Info.plist; sourceTree = "<group>"; };
		9BE4F8861BE9DBB800416CE3 /* Play Mp3UITests.xctest */ = {isa = PBXFileReference; explicitFileType = wrapper.cfbundle; includeInIndex = 0; path = "Play Mp3UITests.xctest"; sourceTree = BUILT_PRODUCTS_DIR; };
		9BE4F88A1BE9DBB800416CE3 /* Play_Mp3UITests.swift */ = {isa = PBXFileReference; lastKnownFileType = sourcecode.swift; path = Play_Mp3UITests.swift; sourceTree = "<group>"; };
		9BE4F88C1BE9DBB800416CE3 /* Info.plist */ = {isa = PBXFileReference; lastKnownFileType = text.plist.xml; path = Info.plist; sourceTree = "<group>"; };
/* End PBXFileReference section */

/* Begin PBXFrameworksBuildPhase section */
		9BE4F8641BE9DBB700416CE3 /* Frameworks */ = {
			isa = PBXFrameworksBuildPhase;
			buildActionMask = 2147483647;
			files = (
			);
			runOnlyForDeploymentPostprocessing = 0;
		};
		9BE4F8781BE9DBB800416CE3 /* Frameworks */ = {
			isa = PBXFrameworksBuildPhase;
			buildActionMask = 2147483647;
			files = (
			);
			runOnlyForDeploymentPostprocessing = 0;
		};
		9BE4F8831BE9DBB800416CE3 /* Frameworks */ = {
			isa = PBXFrameworksBuildPhase;
			buildActionMask = 2147483647;
			files = (
			);
			runOnlyForDeploymentPostprocessing = 0;
		};
/* End PBXFrameworksBuildPhase section */

/* Begin PBXGroup section */
		9BE4F85E1BE9DBB700416CE3 = {
			isa = PBXGroup;
			children = (
				9BE4F8691BE9DBB700416CE3 /* Play Mp3 */,
				9BE4F87E1BE9DBB800416CE3 /* Play Mp3Tests */,
				9BE4F8891BE9DBB800416CE3 /* Play Mp3UITests */,
				9BE4F8681BE9DBB700416CE3 /* Products */,
			);
			sourceTree = "<group>";
		};
		9BE4F8681BE9DBB700416CE3 /* Products */ = {
			isa = PBXGroup;
			children = (
				9BE4F8671BE9DBB700416CE3 /* Play Mp3.app */,
				9BE4F87B1BE9DBB800416CE3 /* Play Mp3Tests.xctest */,
				9BE4F8861BE9DBB800416CE3 /* Play Mp3UITests.xctest */,
			);
			name = Products;
			sourceTree = "<group>";
		};
		9BE4F8691BE9DBB700416CE3 /* Play Mp3 */ = {
			isa = PBXGroup;
			children = (
				9BE4F86A1BE9DBB700416CE3 /* AppDelegate.swift */,
				9BE4F86C1BE9DBB700416CE3 /* ViewController.swift */,
				9BE4F86E1BE9DBB700416CE3 /* Main.storyboard */,
				9BE4F8711BE9DBB700416CE3 /* Assets.xcassets */,
				9BE4F8731BE9DBB700416CE3 /* LaunchScreen.storyboard */,
				9BE4F8761BE9DBB700416CE3 /* Info.plist */,
			);
			path = "Play Mp3";
			sourceTree = "<group>";
		};
		9BE4F87E1BE9DBB800416CE3 /* Play Mp3Tests */ = {
			isa = PBXGroup;
			children = (
				9BE4F87F1BE9DBB800416CE3 /* Play_Mp3Tests.swift */,
				9BE4F8811BE9DBB800416CE3 /* Info.plist */,
			);
			path = "Play Mp3Tests";
			sourceTree = "<group>";
		};
		9BE4F8891BE9DBB800416CE3 /* Play Mp3UITests */ = {
			isa = PBXGroup;
			children = (
				9BE4F88A1BE9DBB800416CE3 /* Play_Mp3UITests.swift */,
				9BE4F88C1BE9DBB800416CE3 /* Info.plist */,
			);
			path = "Play Mp3UITests";
			sourceTree = "<group>";
		};
/* End PBXGroup section */

/* Begin PBXNativeTarget section */
		9BE4F8661BE9DBB700416CE3 /* Play Mp3 */ = {
			isa = PBXNativeTarget;
			buildConfigurationList = 9BE4F88F1BE9DBB800416CE3 /* Build configuration list for PBXNativeTarget "Play Mp3" */;
			buildPhases = (
				9BE4F8631BE9DBB700416CE3 /* Sources */,
				9BE4F8641BE9DBB700416CE3 /* Frameworks */,
				9BE4F8651BE9DBB700416CE3 /* Resources */,
			);
			buildRules = (
			);
			dependencies = (
			);
			name = "Play Mp3";
			productName = "Play Mp3";
			productReference = 9BE4F8671BE9DBB700416CE3 /* Play Mp3.app */;
			productType = "com.apple.product-type.application";
		};
		9BE4F87A1BE9DBB800416CE3 /* Play Mp3Tests */ = {
			isa = PBXNativeTarget;
			buildConfigurationList = 9BE4F8921BE9DBB800416CE3 /* Build configuration list for PBXNativeTarget "Play Mp3Tests" */;
			buildPhases = (
				9BE4F8771BE9DBB800416CE3 /* Sources */,
				9BE4F8781BE9DBB800416CE3 /* Frameworks */,
				9BE4F8791BE9DBB800416CE3 /* Resources */,
			);
			buildRules = (
			);
			dependencies = (
				9BE4F87D1BE9DBB800416CE3 /* PBXTargetDependency */,
			);
			name = "Play Mp3Tests";
			productName = "Play Mp3Tests";
			productReference = 9BE4F87B1BE9DBB800416CE3 /* Play Mp3Tests.xctest */;
			productType = "com.apple.product-type.bundle.unit-test";
		};
		9BE4F8851BE9DBB800416CE3 /* Play Mp3UITests */ = {
			isa = PBXNativeTarget;
			buildConfigurationList = 9BE4F8951BE9DBB800416CE3 /* Build configuration list for PBXNativeTarget "Play Mp3UITests" */;
			buildPhases = (
				9BE4F8821BE9DBB800416CE3 /* Sources */,
				9BE4F8831BE9DBB800416CE3 /* Frameworks */,
				9BE4F8841BE9DBB800416CE3 /* Resources */,
			);
			buildRules = (
			);
			dependencies = (
				9BE4F8881BE9DBB800416CE3 /* PBXTargetDependency */,
			);
			name = "Play Mp3UITests";
			productName = "Play Mp3UITests";
			productReference = 9BE4F8861BE9DBB800416CE3 /* Play Mp3UITests.xctest */;
			productType = "com.apple.product-type.bundle.ui-testing";
		};
/* End PBXNativeTarget section */

/* Begin PBXProject section */
		9BE4F85F1BE9DBB700416CE3 /* Project object */ = {
			isa = PBXProject;
			attributes = {
				LastSwiftUpdateCheck = 0710;
				LastUpgradeCheck = 0710;
				ORGANIZATIONNAME = "Alex Wang";
				TargetAttributes = {
					9BE4F8661BE9DBB700416CE3 = {
						CreatedOnToolsVersion = 7.1;
					};
					9BE4F87A1BE9DBB800416CE3 = {
						CreatedOnToolsVersion = 7.1;
						TestTargetID = 9BE4F8661BE9DBB700416CE3;
					};
					9BE4F8851BE9DBB800416CE3 = {
						CreatedOnToolsVersion = 7.1;
						TestTargetID = 9BE4F8661BE9DBB700416CE3;
					};
				};
			};
			buildConfigurationList = 9BE4F8621BE9DBB700416CE3 /* Build configuration list for PBXProject "Play Mp3" */;
			compatibilityVersion = "Xcode 3.2";
			developmentRegion = English;
			hasScannedForEncodings = 0;
			knownRegions = (
				en,
				Base,
			);
			mainGroup = 9BE4F85E1BE9DBB700416CE3;
			productRefGroup = 9BE4F8681BE9DBB700416CE3 /* Products */;
			projectDirPath = "";
			projectRoot = "";
			targets = (
				9BE4F8661BE9DBB700416CE3 /* Play Mp3 */,
				9BE4F87A1BE9DBB800416CE3 /* Play Mp3Tests */,
				9BE4F8851BE9DBB800416CE3 /* Play Mp3UITests */,
			);
		};
/* End PBXProject section */

/* Begin PBXResourcesBuildPhase section */
		9BE4F8651BE9DBB700416CE3 /* Resources */ = {
			isa = PBXResourcesBuildPhase;
			buildActionMask = 2147483647;
			files = (
				9BE4F8751BE9DBB700416CE3 /* LaunchScreen.storyboard in Resources */,
				9BE4F8721BE9DBB700416CE3 /* Assets.xcassets in Resources */,
				9BE4F8701BE9DBB700416CE3 /* Main.storyboard in Resources */,
			);
			runOnlyForDeploymentPostprocessing = 0;
		};
		9BE4F8791BE9DBB800416CE3 /* Resources */ = {
			isa = PBXResourcesBuildPhase;
			buildActionMask = 2147483647;
			files = (
			);
			runOnlyForDeploymentPostprocessing = 0;
		};
		9BE4F8841BE9DBB800416CE3 /* Resources */ = {
			isa = PBXResourcesBuildPhase;
			buildActionMask = 2147483647;
			files = (
			);
			runOnlyForDeploymentPostprocessing = 0;
		};
/* End PBXResourcesBuildPhase section */

/* Begin PBXSourcesBuildPhase section */
		9BE4F8631BE9DBB700416CE3 /* Sources */ = {
			isa = PBXSourcesBuildPhase;
			buildActionMask = 2147483647;
			files = (
				9BE4F86D1BE9DBB700416CE3 /* ViewController.swift in Sources */,
				9BE4F86B1BE9DBB700416CE3 /* AppDelegate.swift in Sources */,
			);
			runOnlyForDeploymentPostprocessing = 0;
		};
		9BE4F8771BE9DBB800416CE3 /* Sources */ = {
			isa = PBXSourcesBuildPhase;
			buildActionMask = 2147483647;
			files = (
				9BE4F8801BE9DBB800416CE3 /* Play_Mp3Tests.swift in Sources */,
			);
			runOnlyForDeploymentPostprocessing = 0;
		};
		9BE4F8821BE9DBB800416CE3 /* Sources */ = {
			isa = PBXSourcesBuildPhase;
			buildActionMask = 2147483647;
			files = (
				9BE4F88B1BE9DBB800416CE3 /* Play_Mp3UITests.swift in Sources */,
			);
			runOnlyForDeploymentPostprocessing = 0;
		};
/* End PBXSourcesBuildPhase section */

/* Begin PBXTargetDependency section */
		9BE4F87D1BE9DBB800416CE3 /* PBXTargetDependency */ = {
			isa = PBXTargetDependency;
			target = 9BE4F8661BE9DBB700416CE3 /* Play Mp3 */;
			targetProxy = 9BE4F87C1BE9DBB800416CE3 /* PBXContainerItemProxy */;
		};
		9BE4F8881BE9DBB800416CE3 /* PBXTargetDependency */ = {
			isa = PBXTargetDependency;
			target = 9BE4F8661BE9DBB700416CE3 /* Play Mp3 */;
			targetProxy = 9BE4F8871BE9DBB800416CE3 /* PBXContainerItemProxy */;
		};
/* End PBXTargetDependency section */

/* Begin PBXVariantGroup section */
		9BE4F86E1BE9DBB700416CE3 /* Main.storyboard */ = {
			isa = PBXVariantGroup;
			children = (
				9BE4F86F1BE9DBB700416CE3 /* Base */,
			);
			name = Main.storyboard;
			sourceTree = "<group>";
		};
		9BE4F8731BE9DBB700416CE3 /* LaunchScreen.storyboard */ = {
			isa = PBXVariantGroup;
			children = (
				9BE4F8741BE9DBB700416CE3 /* Base */,
			);
			name = LaunchScreen.storyboard;
			sourceTree = "<group>";
		};
/* End PBXVariantGroup section */

/* Begin XCBuildConfiguration section */
		9BE4F88D1BE9DBB800416CE3 /* Debug */ = {
			isa = XCBuildConfiguration;
			buildSettings = {
				ALWAYS_SEARCH_USER_PATHS = NO;
				CLANG_CXX_LANGUAGE_STANDARD = "gnu++0x";
				CLANG_CXX_LIBRARY = "libc++";
				CLANG_ENABLE_MODULES = YES;
				CLANG_ENABLE_OBJC_ARC = YES;
				CLANG_WARN_BOOL_CONVERSION = YES;
				CLANG_WARN_CONSTANT_CONVERSION = YES;
				CLANG_WARN_DIRECT_OBJC_ISA_USAGE = YES_ERROR;
				CLANG_WARN_EMPTY_BODY = YES;
				CLANG_WARN_ENUM_CONVERSION = YES;
				CLANG_WARN_INT_CONVERSION = YES;
				CLANG_WARN_OBJC_ROOT_CLASS = YES_ERROR;
				CLANG_WARN_UNREACHABLE_CODE = YES;
				CLANG_WARN__DUPLICATE_METHOD_MATCH = YES;
				"CODE_SIGN_IDENTITY[sdk=iphoneos*]" = "iPhone Developer";
				COPY_PHASE_STRIP = NO;
				DEBUG_INFORMATION_FORMAT = dwarf;
				ENABLE_STRICT_OBJC_MSGSEND = YES;
				ENABLE_TESTABILITY = YES;
				GCC_C_LANGUAGE_STANDARD = gnu99;
				GCC_DYNAMIC_NO_PIC = NO;
				GCC_NO_COMMON_BLOCKS = YES;
				GCC_OPTIMIZATION_LEVEL = 0;
				GCC_PREPROCESSOR_DEFINITIONS = (
					"DEBUG=1",
					"$(inherited)",
				);
				GCC_WARN_64_TO_32_BIT_CONVERSION = YES;
				GCC_WARN_ABOUT_RETURN_TYPE = YES_ERROR;
				GCC_WARN_UNDECLARED_SELECTOR = YES;
				GCC_WARN_UNINITIALIZED_AUTOS = YES_AGGRESSIVE;
				GCC_WARN_UNUSED_FUNCTION = YES;
				GCC_WARN_UNUSED_VARIABLE = YES;
				IPHONEOS_DEPLOYMENT_TARGET = 9.1;
				MTL_ENABLE_DEBUG_INFO = YES;
				ONLY_ACTIVE_ARCH = YES;
				SDKROOT = iphoneos;
				SWIFT_OPTIMIZATION_LEVEL = "-Onone";
			};
			name = Debug;
		};
		9BE4F88E1BE9DBB800416CE3 /* Release */ = {
			isa = XCBuildConfiguration;
			buildSettings = {
				ALWAYS_SEARCH_USER_PATHS = NO;
				CLANG_CXX_LANGUAGE_STANDARD = "gnu++0x";
				CLANG_CXX_LIBRARY = "libc++";
				CLANG_ENABLE_MODULES = YES;
				CLANG_ENABLE_OBJC_ARC = YES;
				CLANG_WARN_BOOL_CONVERSION = YES;
				CLANG_WARN_CONSTANT_CONVERSION = YES;
				CLANG_WARN_DIRECT_OBJC_ISA_USAGE = YES_ERROR;
				CLANG_WARN_EMPTY_BODY = YES;
				CLANG_WARN_ENUM_CONVERSION = YES;
				CLANG_WARN_INT_CONVERSION = YES;
				CLANG_WARN_OBJC_ROOT_CLASS = YES_ERROR;
				CLANG_WARN_UNREACHABLE_CODE = YES;
				CLANG_WARN__DUPLICATE_METHOD_MATCH = YES;
				"CODE_SIGN_IDENTITY[sdk=iphoneos*]" = "iPhone Developer";
				COPY_PHASE_STRIP = NO;
				DEBUG_INFORMATION_FORMAT = "dwarf-with-dsym";
				ENABLE_NS_ASSERTIONS = NO;
				ENABLE_STRICT_OBJC_MSGSEND = YES;
				GCC_C_LANGUAGE_STANDARD = gnu99;
				GCC_NO_COMMON_BLOCKS = YES;
				GCC_WARN_64_TO_32_BIT_CONVERSION = YES;
				GCC_WARN_ABOUT_RETURN_TYPE = YES_ERROR;
				GCC_WARN_UNDECLARED_SELECTOR = YES;
				GCC_WARN_UNINITIALIZED_AUTOS = YES_AGGRESSIVE;
				GCC_WARN_UNUSED_FUNCTION = YES;
				GCC_WARN_UNUSED_VARIABLE = YES;
				IPHONEOS_DEPLOYMENT_TARGET = 9.1;
				MTL_ENABLE_DEBUG_INFO = NO;
				SDKROOT = iphoneos;
				VALIDATE_PRODUCT = YES;
			};
			name = Release;
		};
		9BE4F8901BE9DBB800416CE3 /* Debug */ = {
			isa = XCBuildConfiguration;
			buildSettings = {
				ASSETCATALOG_COMPILER_APPICON_NAME = AppIcon;
				INFOPLIST_FILE = "Play Mp3/Info.plist";
				LD_RUNPATH_SEARCH_PATHS = "$(inherited) @executable_path/Frameworks";
				PRODUCT_BUNDLE_IDENTIFIER = "com.iaarc.Play-Mp3";
				PRODUCT_NAME = "$(TARGET_NAME)";
			};
			name = Debug;
		};
		9BE4F8911BE9DBB800416CE3 /* Release */ = {
			isa = XCBuildConfiguration;
			buildSettings = {
				ASSETCATALOG_COMPILER_APPICON_NAME = AppIcon;
				INFOPLIST_FILE = "Play Mp3/Info.plist";
				LD_RUNPATH_SEARCH_PATHS = "$(inherited) @executable_path/Frameworks";
				PRODUCT_BUNDLE_IDENTIFIER = "com.iaarc.Play-Mp3";
				PRODUCT_NAME = "$(TARGET_NAME)";
			};
			name = Release;
		};
		9BE4F8931BE9DBB800416CE3 /* Debug */ = {
			isa = XCBuildConfiguration;
			buildSettings = {
				BUNDLE_LOADER = "$(TEST_HOST)";
				INFOPLIST_FILE = "Play Mp3Tests/Info.plist";
				LD_RUNPATH_SEARCH_PATHS = "$(inherited) @executable_path/Frameworks @loader_path/Frameworks";
				PRODUCT_BUNDLE_IDENTIFIER = "com.iaarc.Play-Mp3Tests";
				PRODUCT_NAME = "$(TARGET_NAME)";
				TEST_HOST = "$(BUILT_PRODUCTS_DIR)/Play Mp3.app/Play Mp3";
			};
			name = Debug;
		};
		9BE4F8941BE9DBB800416CE3 /* Release */ = {
			isa = XCBuildConfiguration;
			buildSettings = {
				BUNDLE_LOADER = "$(TEST_HOST)";
				INFOPLIST_FILE = "Play Mp3Tests/Info.plist";
				LD_RUNPATH_SEARCH_PATHS = "$(inherited) @executable_path/Frameworks @loader_path/Frameworks";
				PRODUCT_BUNDLE_IDENTIFIER = "com.iaarc.Play-Mp3Tests";
				PRODUCT_NAME = "$(TARGET_NAME)";
				TEST_HOST = "$(BUILT_PRODUCTS_DIR)/Play Mp3.app/Play Mp3";
			};
			name = Release;
		};
		9BE4F8961BE9DBB800416CE3 /* Debug */ = {
			isa = XCBuildConfiguration;
			buildSettings = {
				INFOPLIST_FILE = "Play Mp3UITests/Info.plist";
				LD_RUNPATH_SEARCH_PATHS = "$(inherited) @executable_path/Frameworks @loader_path/Frameworks";
				PRODUCT_BUNDLE_IDENTIFIER = "com.iaarc.Play-Mp3UITests";
				PRODUCT_NAME = "$(TARGET_NAME)";
				TEST_TARGET_NAME = "Play Mp3";
				USES_XCTRUNNER = YES;
			};
			name = Debug;
		};
		9BE4F8971BE9DBB800416CE3 /* Release */ = {
			isa = XCBuildConfiguration;
			buildSettings = {
				INFOPLIST_FILE = "Play Mp3UITests/Info.plist";
				LD_RUNPATH_SEARCH_PATHS = "$(inherited) @executable_path/Frameworks @loader_path/Frameworks";
				PRODUCT_BUNDLE_IDENTIFIER = "com.iaarc.Play-Mp3UITests";
				PRODUCT_NAME = "$(TARGET_NAME)";
				TEST_TARGET_NAME = "Play Mp3";
				USES_XCTRUNNER = YES;
			};
			name = Release;
		};
/* End XCBuildConfiguration section */

/* Begin XCConfigurationList section */
		9BE4F8621BE9DBB700416CE3 /* Build configuration list for PBXProject "Play Mp3" */ = {
			isa = XCConfigurationList;
			buildConfigurations = (
				9BE4F88D1BE9DBB800416CE3 /* Debug */,
				9BE4F88E1BE9DBB800416CE3 /* Release */,
			);
			defaultConfigurationIsVisible = 0;
			defaultConfigurationName = Release;
		};
		9BE4F88F1BE9DBB800416CE3 /* Build configuration list for PBXNativeTarget "Play Mp3" */ = {
			isa = XCConfigurationList;
			buildConfigurations = (
				9BE4F8901BE9DBB800416CE3 /* Debug */,
				9BE4F8911BE9DBB800416CE3 /* Release */,
			);
			defaultConfigurationIsVisible = 0;
		};
		9BE4F8921BE9DBB800416CE3 /* Build configuration list for PBXNativeTarget "Play Mp3Tests" */ = {
			isa = XCConfigurationList;
			buildConfigurations = (
				9BE4F8931BE9DBB800416CE3 /* Debug */,
				9BE4F8941BE9DBB800416CE3 /* Release */,
			);
			defaultConfigurationIsVisible = 0;
		};
		9BE4F8951BE9DBB800416CE3 /* Build configuration list for PBXNativeTarget "Play Mp3UITests" */ = {
			isa = XCConfigurationList;
			buildConfigurations = (
				9BE4F8961BE9DBB800416CE3 /* Debug */,
				9BE4F8971BE9DBB800416CE3 /* Release */,
			);
			defaultConfigurationIsVisible = 0;
		};
/* End XCConfigurationList section */
	};
	rootObject = 9BE4F85F1BE9DBB700416CE3 /* Project object */;
}
